// !$*UTF8*$!
{
    archiveVersion = 1;
    classes = {
    };
    objectVersion = 56;
    objects = {

/* Begin PBXBuildFile section */
        10A0000B0000000000000001 /* AppDelegate.swift in Sources */ = {isa = PBXBuildFile; fileRef = 10A000050000000000000001 /* AppDelegate.swift */; };
        10A0000C0000000000000001 /* SceneDelegate.swift in Sources */ = {isa = PBXBuildFile; fileRef = 10A000060000000000000001 /* SceneDelegate.swift */; };
        10A0000D0000000000000001 /* WebViewController.swift in Sources */ = {isa = PBXBuildFile; fileRef = 10A000070000000000000001 /* WebViewController.swift */; };
        10A0000E0000000000000001 /* Assets.xcassets in Resources */ = {isa = PBXBuildFile; fileRef = 10A000090000000000000001 /* Assets.xcassets */; };
        10A0000F0000000000000001 /* WebApp in Resources */ = {isa = PBXBuildFile; fileRef = 10A0000A0000000000000001 /* WebApp */; };
/* End PBXBuildFile section */

/* Begin PBXFileReference section */
        10A000010000000000000001 /* TotusTuusIOS.app */ = {isa = PBXFileReference; explicitFileType = wrapper.application; includeInIndex = 0; path = TotusTuusIOS.app; sourceTree = BUILT_PRODUCTS_DIR; };
        10A000050000000000000001 /* AppDelegate.swift */ = {isa = PBXFileReference; lastKnownFileType = sourcecode.swift; path = AppDelegate.swift; sourceTree = "<group>"; };
        10A000060000000000000001 /* SceneDelegate.swift */ = {isa = PBXFileReference; lastKnownFileType = sourcecode.swift; path = SceneDelegate.swift; sourceTree = "<group>"; };
        10A000070000000000000001 /* WebViewController.swift */ = {isa = PBXFileReference; lastKnownFileType = sourcecode.swift; path = WebViewController.swift; sourceTree = "<group>"; };
        10A000080000000000000001 /* Info.plist */ = {isa = PBXFileReference; lastKnownFileType = text.plist.xml; path = Info.plist; sourceTree = "<group>"; };
        10A000090000000000000001 /* Assets.xcassets */ = {isa = PBXFileReference; lastKnownFileType = folder.assetcatalog; path = Assets.xcassets; sourceTree = "<group>"; };
        10A0000A0000000000000001 /* WebApp */ = {isa = PBXFileReference; lastKnownFileType = folder; name = WebApp; path = ../WebApp; sourceTree = SOURCE_ROOT; };
/* End PBXFileReference section */

/* Begin PBXFrameworksBuildPhase section */
        10A000110000000000000001 /* Frameworks */ = {
            isa = PBXFrameworksBuildPhase;
            buildActionMask = 2147483647;
            files = (
            );
            runOnlyForDeploymentPostprocessing = 0;
        };
/* End PBXFrameworksBuildPhase section */

/* Begin PBXGroup section */
        10A000020000000000000001 = {
            isa = PBXGroup;
            children = (
                10A000040000000000000001 /* TotusTuusIOS */,
                10A0000A0000000000000001 /* WebApp */,
                10A000030000000000000001 /* Products */,
            );
            sourceTree = "<group>";
        };
        10A000030000000000000001 /* Products */ = {
            isa = PBXGroup;
            children = (
                10A000010000000000000001 /* TotusTuusIOS.app */,
            );
            name = Products;
            sourceTree = "<group>";
        };
        10A000040000000000000001 /* TotusTuusIOS */ = {
            isa = PBXGroup;
            children = (
                10A000050000000000000001 /* AppDelegate.swift */,
                10A000060000000000000001 /* SceneDelegate.swift */,
                10A000070000000000000001 /* WebViewController.swift */,
                10A000080000000000000001 /* Info.plist */,
                10A000090000000000000001 /* Assets.xcassets */,
            );
            path = TotusTuusIOS;
            sourceTree = "<group>";
        };
/* End PBXGroup section */

/* Begin PBXNativeTarget section */
        10A000120000000000000001 /* TotusTuusIOS */ = {
            isa = PBXNativeTarget;
            buildConfigurationList = 10A0001A0000000000000001 /* Build configuration list for PBXNativeTarget "TotusTuusIOS" */;
            buildPhases = (
                10A000100000000000000001 /* Sources */,
                10A000110000000000000001 /* Frameworks */,
                10A000130000000000000001 /* Resources */,
            );
            buildRules = (
            );
            dependencies = (
            );
            name = TotusTuusIOS;
            productName = TotusTuusIOS;
            productReference = 10A000010000000000000001 /* TotusTuusIOS.app */;
            productType = "com.apple.product-type.application";
        };
/* End PBXNativeTarget section */

/* Begin PBXProject section */
        10A000000000000000000001 /* Project object */ = {
            isa = PBXProject;
            attributes = {
                BuildIndependentTargetsInParallel = 1;
                LastSwiftUpdateCheck = 1500;
                LastUpgradeCheck = 1500;
                TargetAttributes = {
                    10A000120000000000000001 = {
                        CreatedOnToolsVersion = 15.0;
                    };
                };
            };
            buildConfigurationList = 10A000140000000000000001 /* Build configuration list for PBXProject "TotusTuusIOS" */;
            compatibilityVersion = "Xcode 14.0";
            developmentRegion = en;
            hasScannedForEncodings = 0;
            knownRegions = (
                en,
                Base,
            );
            mainGroup = 10A000020000000000000001;
            productRefGroup = 10A000030000000000000001 /* Products */;
            projectDirPath = "";
            projectRoot = "";
            targets = (
                10A000120000000000000001 /* TotusTuusIOS */,
            );
        };
/* End PBXProject section */

/* Begin PBXResourcesBuildPhase section */
        10A000130000000000000001 /* Resources */ = {
            isa = PBXResourcesBuildPhase;
            buildActionMask = 2147483647;
            files = (
                10A0000E0000000000000001 /* Assets.xcassets in Resources */,
                10A0000F0000000000000001 /* WebApp in Resources */,
            );
            runOnlyForDeploymentPostprocessing = 0;
        };
/* End PBXResourcesBuildPhase section */

/* Begin PBXSourcesBuildPhase section */
        10A000100000000000000001 /* Sources */ = {
            isa = PBXSourcesBuildPhase;
            buildActionMask = 2147483647;
            files = (
                10A0000B0000000000000001 /* AppDelegate.swift in Sources */,
                10A0000C0000000000000001 /* SceneDelegate.swift in Sources */,
                10A0000D0000000000000001 /* WebViewController.swift in Sources */,
            );
            runOnlyForDeploymentPostprocessing = 0;
        };
/* End PBXSourcesBuildPhase section */

/* Begin XCBuildConfiguration section */
        10A000150000000000000001 /* Debug */ = {
            isa = XCBuildConfiguration;
            buildSettings = {
                ALWAYS_SEARCH_USER_PATHS = NO;
                CLANG_ANALYZER_NONNULL = YES;
                CLANG_ANALYZER_NUMBER_OBJECT_CONVERSION = YES_AGGRESSIVE;
                CLANG_CXX_LANGUAGE_STANDARD = "gnu++20";
                CLANG_ENABLE_MODULES = YES;
                CLANG_ENABLE_OBJC_ARC = YES;
                CLANG_ENABLE_OBJC_WEAK = YES;
                CLANG_WARN_BLOCK_CAPTURE_AUTORELEASING = YES;
                CLANG_WARN_BOOL_CONVERSION = YES;
                CLANG_WARN_COMMA = YES;
                CLANG_WARN_CONSTANT_CONVERSION = YES;
                CLANG_WARN_DEPRECATED_OBJC_IMPLEMENTATIONS = YES;
                CLANG_WARN_DIRECT_OBJC_ISA_USAGE = YES_ERROR;
                CLANG_WARN_DOCUMENTATION_COMMENTS = YES;
                CLANG_WARN_EMPTY_BODY = YES;
                CLANG_WARN_ENUM_CONVERSION = YES;
                CLANG_WARN_INFINITE_RECURSION = YES;
                CLANG_WARN_INT_CONVERSION = YES;
                CLANG_WARN_NON_LITERAL_NULL_CONVERSION = YES;
                CLANG_WARN_OBJC_IMPLICIT_RETAIN_SELF = YES;
                CLANG_WARN_OBJC_LITERAL_CONVERSION = YES;
                CLANG_WARN_OBJC_ROOT_CLASS = YES_ERROR;
                CLANG_WARN_QUOTED_INCLUDE_IN_FRAMEWORK_HEADER = YES;
                CLANG_WARN_RANGE_LOOP_ANALYSIS = YES;
                CLANG_WARN_STRICT_PROTOTYPES = YES;
                CLANG_WARN_SUSPICIOUS_MOVE = YES;
                CLANG_WARN_UNGUARDED_AVAILABILITY = YES_AGGRESSIVE;
                CLANG_WARN_UNREACHABLE_CODE = YES;
                CLANG_WARN__DUPLICATE_METHOD_MATCH = YES;
                COPY_PHASE_STRIP = NO;
                DEBUG_INFORMATION_FORMAT = dwarf;
                ENABLE_STRICT_OBJC_MSGSEND = YES;
                ENABLE_TESTABILITY = YES;
                GCC_C_LANGUAGE_STANDARD = gnu17;
                GCC_DYNAMIC_NO_PIC = NO;
                GCC_NO_COMMON_BLOCKS = YES;
                GCC_OPTIMIZATION_LEVEL = 0;
                GCC_PREPROCESSOR_DEFINITIONS = (
                    "DEBUG=1",
                    "$(inherited)",
                );
                GCC_WARN_64_TO_32_BIT_CONVERSION = YES;
                GCC_WARN_ABOUT_RETURN_TYPE = YES_ERROR;
                GCC_WARN_UNDECLARED_SELECTOR = YES;
                GCC_WARN_UNINITIALIZED_AUTOS = YES_AGGRESSIVE;
                GCC_WARN_UNUSED_FUNCTION = YES;
                GCC_WARN_UNUSED_VARIABLE = YES;
                IPHONEOS_DEPLOYMENT_TARGET = 15.0;
                MTL_ENABLE_DEBUG_INFO = INCLUDE_SOURCE;
                MTL_FAST_MATH = YES;
                ONLY_ACTIVE_ARCH = YES;
                SDKROOT = iphoneos;
                SWIFT_ACTIVE_COMPILATION_CONDITIONS = DEBUG;
                SWIFT_OPTIMIZATION_LEVEL = "-Onone";
            };
            name = Debug;
        };
        10A000160000000000000001 /* Release */ = {
            isa = XCBuildConfiguration;
            buildSettings = {
                ALWAYS_SEARCH_USER_PATHS = NO;
                CLANG_ANALYZER_NONNULL = YES;
                CLANG_ANALYZER_NUMBER_OBJECT_CONVERSION = YES_AGGRESSIVE;
                CLANG_CXX_LANGUAGE_STANDARD = "gnu++20";
                CLANG_ENABLE_MODULES = YES;
                CLANG_ENABLE_OBJC_ARC = YES;
                CLANG_ENABLE_OBJC_WEAK = YES;
                CLANG_WARN_BLOCK_CAPTURE_AUTORELEASING = YES;
                CLANG_WARN_BOOL_CONVERSION = YES;
                CLANG_WARN_COMMA = YES;
                CLANG_WARN_CONSTANT_CONVERSION = YES;
                CLANG_WARN_DEPRECATED_OBJC_IMPLEMENTATIONS = YES;
                CLANG_WARN_DIRECT_OBJC_ISA_USAGE = YES_ERROR;
                CLANG_WARN_DOCUMENTATION_COMMENTS = YES;
                CLANG_WARN_EMPTY_BODY = YES;
                CLANG_WARN_ENUM_CONVERSION = YES;
                CLANG_WARN_INFINITE_RECURSION = YES;
                CLANG_WARN_INT_CONVERSION = YES;
                CLANG_WARN_NON_LITERAL_NULL_CONVERSION = YES;
                CLANG_WARN_OBJC_IMPLICIT_RETAIN_SELF = YES;
                CLANG_WARN_OBJC_LITERAL_CONVERSION = YES;
                CLANG_WARN_OBJC_ROOT_CLASS = YES_ERROR;
                CLANG_WARN_QUOTED_INCLUDE_IN_FRAMEWORK_HEADER = YES;
                CLANG_WARN_RANGE_LOOP_ANALYSIS = YES;
                CLANG_WARN_STRICT_PROTOTYPES = YES;
                CLANG_WARN_SUSPICIOUS_MOVE = YES;
                CLANG_WARN_UNGUARDED_AVAILABILITY = YES_AGGRESSIVE;
                CLANG_WARN_UNREACHABLE_CODE = YES;
                CLANG_WARN__DUPLICATE_METHOD_MATCH = YES;
                COPY_PHASE_STRIP = NO;
                DEBUG_INFORMATION_FORMAT = "dwarf-with-dsym";
                ENABLE_NS_ASSERTIONS = NO;
                ENABLE_STRICT_OBJC_MSGSEND = YES;
                GCC_C_LANGUAGE_STANDARD = gnu17;
                GCC_NO_COMMON_BLOCKS = YES;
                GCC_WARN_64_TO_32_BIT_CONVERSION = YES;
                GCC_WARN_ABOUT_RETURN_TYPE = YES_ERROR;
                GCC_WARN_UNDECLARED_SELECTOR = YES;
                GCC_WARN_UNINITIALIZED_AUTOS = YES_AGGRESSIVE;
                GCC_WARN_UNUSED_FUNCTION = YES;
                GCC_WARN_UNUSED_VARIABLE = YES;
                IPHONEOS_DEPLOYMENT_TARGET = 15.0;
                MTL_ENABLE_DEBUG_INFO = NO;
                MTL_FAST_MATH = YES;
                SDKROOT = iphoneos;
                SWIFT_COMPILATION_MODE = wholemodule;
                VALIDATE_PRODUCT = YES;
            };
            name = Release;
        };
        10A000170000000000000001 /* Debug */ = {
            isa = XCBuildConfiguration;
            buildSettings = {
                ASSETCATALOG_COMPILER_APPICON_NAME = AppIcon;
                ASSETCATALOG_COMPILER_GLOBAL_ACCENT_COLOR_NAME = AccentColor;
                ASSETCATALOG_COMPILER_GENERATE_SWIFT_ASSET_SYMBOL_EXTENSIONS = NO;
                CODE_SIGN_STYLE = Automatic;
                CURRENT_PROJECT_VERSION = 1;
                DEVELOPMENT_ASSET_PATHS = "";
                GENERATE_INFOPLIST_FILE = NO;
                INFOPLIST_FILE = TotusTuusIOS/Info.plist;
                IPHONEOS_DEPLOYMENT_TARGET = 15.0;
                MARKETING_VERSION = 1.0;
                PRODUCT_BUNDLE_IDENTIFIER = by.dzmitrypanou.totustuus;
                PRODUCT_NAME = "$(TARGET_NAME)";
                SWIFT_EMIT_LOC_STRINGS = YES;
                SWIFT_VERSION = 5.0;
                TARGETED_DEVICE_FAMILY = "1,2";
            };
            name = Debug;
        };
        10A000180000000000000001 /* Release */ = {
            isa = XCBuildConfiguration;
            buildSettings = {
                ASSETCATALOG_COMPILER_APPICON_NAME = AppIcon;
                ASSETCATALOG_COMPILER_GLOBAL_ACCENT_COLOR_NAME = AccentColor;
                ASSETCATALOG_COMPILER_GENERATE_SWIFT_ASSET_SYMBOL_EXTENSIONS = NO;
                CODE_SIGN_STYLE = Automatic;
                CURRENT_PROJECT_VERSION = 1;
                DEVELOPMENT_ASSET_PATHS = "";
                GENERATE_INFOPLIST_FILE = NO;
                INFOPLIST_FILE = TotusTuusIOS/Info.plist;
                IPHONEOS_DEPLOYMENT_TARGET = 15.0;
                MARKETING_VERSION = 1.0;
                PRODUCT_BUNDLE_IDENTIFIER = by.dzmitrypanou.totustuus;
                PRODUCT_NAME = "$(TARGET_NAME)";
                SWIFT_EMIT_LOC_STRINGS = YES;
                SWIFT_VERSION = 5.0;
                TARGETED_DEVICE_FAMILY = "1,2";
            };
            name = Release;
        };
/* End XCBuildConfiguration section */

/* Begin XCConfigurationList section */
        10A000140000000000000001 /* Build configuration list for PBXProject "TotusTuusIOS" */ = {
            isa = XCConfigurationList;
            buildConfigurations = (
                10A000150000000000000001 /* Debug */,
                10A000160000000000000001 /* Release */,
            );
            defaultConfigurationIsVisible = 0;
            defaultConfigurationName = Release;
        };
        10A0001A0000000000000001 /* Build configuration list for PBXNativeTarget "TotusTuusIOS" */ = {
            isa = XCConfigurationList;
            buildConfigurations = (
                10A000170000000000000001 /* Debug */,
                10A000180000000000000001 /* Release */,
            );
            defaultConfigurationIsVisible = 0;
            defaultConfigurationName = Release;
        };
/* End XCConfigurationList section */
    };
    rootObject = 10A000000000000000000001 /* Project object */;
}
